
Microsoft Visual Studio Solution File, Format Version 12.00
# Visual Studio Version 17
VisualStudioVersion = 17.6.33829.357
MinimumVisualStudioVersion = 10.0.40219.1
Project("{FAE04EC0-301F-11D3-BF4B-00C04F79EFBC}") = "Practice_Task", "Practice_Task\Practice_Task.csproj", "{929BA6F6-8C0C-4D4B-9461-B1F03CA9DC47}"
EndProject
Global
	GlobalSection(SolutionConfigurationPlatforms) = preSolution
		Debug|Any CPU = Debug|Any CPU
		Release|Any CPU = Release|Any CPU
	EndGlobalSection
	GlobalSection(ProjectConfigurationPlatforms) = postSolution
		{929BA6F6-8C0C-4D4B-9461-B1F03CA9DC47}.Debug|Any CPU.ActiveCfg = Debug|Any CPU
		{929BA6F6-8C0C-4D4B-9461-B1F03CA9DC47}.Debug|Any CPU.Build.0 = Debug|Any CPU
		{929BA6F6-8C0C-4D4B-9461-B1F03CA9DC47}.Release|Any CPU.ActiveCfg = Release|Any CPU
		{929BA6F6-8C0C-4D4B-9461-B1F03CA9DC47}.Release|Any CPU.Build.0 = Release|Any CPU
	EndGlobalSection
	GlobalSection(SolutionProperties) = preSolution
		HideSolutionNode = FALSE
	EndGlobalSection
	GlobalSection(ExtensibilityGlobals) = postSolution
		SolutionGuid = {D4EB57CB-4242-4DC8-9D15-40FFD33ADECD}
	EndGlobalSection
EndGlobal
